
Microsoft Visual Studio Solution File, Format Version 11.00
# Visual Studio 2010
Project("{8BC9CEB8-8B4A-11D0-8D11-00A0C91BC942}") = "Bomberman Client", "Multiplayer Bomberman\Multiplayer Bomberman.vcxproj", "{006D13DF-9663-42AA-9D9C-934F06BB556B}"
EndProject
Global
	GlobalSection(SolutionConfigurationPlatforms) = preSolution
		Debug|Win32 = Debug|Win32
		Release|Win32 = Release|Win32
	EndGlobalSection
	GlobalSection(ProjectConfigurationPlatforms) = postSolution
		{006D13DF-9663-42AA-9D9C-934F06BB556B}.Debug|Win32.ActiveCfg = Debug|Win32
		{006D13DF-9663-42AA-9D9C-934F06BB556B}.Debug|Win32.Build.0 = Debug|Win32
		{006D13DF-9663-42AA-9D9C-934F06BB556B}.Release|Win32.ActiveCfg = Release|Win32
		{006D13DF-9663-42AA-9D9C-934F06BB556B}.Release|Win32.Build.0 = Release|Win32
	EndGlobalSection
	GlobalSection(SolutionProperties) = preSolution
		HideSolutionNode = FALSE
	EndGlobalSection
EndGlobal
